
Microsoft Visual Studio Solution File, Format Version 12.00
# Visual Studio Version 17
VisualStudioVersion = 17.8.34330.188
MinimumVisualStudioVersion = 10.0.40219.1
Project("{9A19103F-16F7-4668-BE54-9A1E7A4F7556}") = "DataAccess", "DataAccess\DataAccess.csproj", "{D4133804-8AB9-4F7C-B69A-447130E44A54}"
EndProject
Project("{9A19103F-16F7-4668-BE54-9A1E7A4F7556}") = "Repository", "Repository\Repository.csproj", "{140DDBBB-080A-4BBB-BEEE-4E23B8B36674}"
EndProject
Project("{9A19103F-16F7-4668-BE54-9A1E7A4F7556}") = "Service", "Service\Service.csproj", "{B187A310-3243-41EB-AD17-9DD45C116A41}"
EndProject
Project("{9A19103F-16F7-4668-BE54-9A1E7A4F7556}") = "StudentNameRazorPages", "StudentNameRazorPages\StudentNameRazorPages.csproj", "{AFE80A72-EAF5-46AA-8E96-DF42D330DBE3}"
EndProject
Global
	GlobalSection(SolutionConfigurationPlatforms) = preSolution
		Debug|Any CPU = Debug|Any CPU
		Release|Any CPU = Release|Any CPU
	EndGlobalSection
	GlobalSection(ProjectConfigurationPlatforms) = postSolution
		{D4133804-8AB9-4F7C-B69A-447130E44A54}.Debug|Any CPU.ActiveCfg = Debug|Any CPU
		{D4133804-8AB9-4F7C-B69A-447130E44A54}.Debug|Any CPU.Build.0 = Debug|Any CPU
		{D4133804-8AB9-4F7C-B69A-447130E44A54}.Release|Any CPU.ActiveCfg = Release|Any CPU
		{D4133804-8AB9-4F7C-B69A-447130E44A54}.Release|Any CPU.Build.0 = Release|Any CPU
		{140DDBBB-080A-4BBB-BEEE-4E23B8B36674}.Debug|Any CPU.ActiveCfg = Debug|Any CPU
		{140DDBBB-080A-4BBB-BEEE-4E23B8B36674}.Debug|Any CPU.Build.0 = Debug|Any CPU
		{140DDBBB-080A-4BBB-BEEE-4E23B8B36674}.Release|Any CPU.ActiveCfg = Release|Any CPU
		{140DDBBB-080A-4BBB-BEEE-4E23B8B36674}.Release|Any CPU.Build.0 = Release|Any CPU
		{B187A310-3243-41EB-AD17-9DD45C116A41}.Debug|Any CPU.ActiveCfg = Debug|Any CPU
		{B187A310-3243-41EB-AD17-9DD45C116A41}.Debug|Any CPU.Build.0 = Debug|Any CPU
		{B187A310-3243-41EB-AD17-9DD45C116A41}.Release|Any CPU.ActiveCfg = Release|Any CPU
		{B187A310-3243-41EB-AD17-9DD45C116A41}.Release|Any CPU.Build.0 = Release|Any CPU
		{AFE80A72-EAF5-46AA-8E96-DF42D330DBE3}.Debug|Any CPU.ActiveCfg = Debug|Any CPU
		{AFE80A72-EAF5-46AA-8E96-DF42D330DBE3}.Debug|Any CPU.Build.0 = Debug|Any CPU
		{AFE80A72-EAF5-46AA-8E96-DF42D330DBE3}.Release|Any CPU.ActiveCfg = Release|Any CPU
		{AFE80A72-EAF5-46AA-8E96-DF42D330DBE3}.Release|Any CPU.Build.0 = Release|Any CPU
	EndGlobalSection
	GlobalSection(SolutionProperties) = preSolution
		HideSolutionNode = FALSE
	EndGlobalSection
	GlobalSection(ExtensibilityGlobals) = postSolution
		SolutionGuid = {6E925840-66C1-41B4-895A-52CECBC4D644}
	EndGlobalSection
EndGlobal
